// !$*UTF8*$!
{
	archiveVersion = 1;
	classes = {
	};
	objectVersion = 50;
	objects = {

/* Begin PBXBuildFile section */
		442A1F7A1B830447984C57D9 /* Pods_EldritchHorrorCards.framework in Frameworks */ = {isa = PBXBuildFile; fileRef = 9FDEF5729FBE4F69CDD80823 /* Pods_EldritchHorrorCards.framework */; };
		A4FE4CD620D01418003A33D3 /* GoogleService-Info.plist in Resources */ = {isa = PBXBuildFile; fileRef = A4FE4CD520D01418003A33D3 /* GoogleService-Info.plist */; };
		A4FE642020D0111D0064E52E /* AppDelegate.swift in Sources */ = {isa = PBXBuildFile; fileRef = A4FE641F20D0111D0064E52E /* AppDelegate.swift */; };
		A4FE642520D0111D0064E52E /* Main.storyboard in Resources */ = {isa = PBXBuildFile; fileRef = A4FE642320D0111D0064E52E /* Main.storyboard */; };
		A4FE642720D0111E0064E52E /* Assets.xcassets in Resources */ = {isa = PBXBuildFile; fileRef = A4FE642620D0111E0064E52E /* Assets.xcassets */; };
		A4FE642A20D0111E0064E52E /* LaunchScreen.storyboard in Resources */ = {isa = PBXBuildFile; fileRef = A4FE642820D0111E0064E52E /* LaunchScreen.storyboard */; };
/* End PBXBuildFile section */

/* Begin PBXFileReference section */
		7E173171A603D8BE45B3DF16 /* Pods-EldritchHorrorCards.release.xcconfig */ = {isa = PBXFileReference; includeInIndex = 1; lastKnownFileType = text.xcconfig; name = "Pods-EldritchHorrorCards.release.xcconfig"; path = "Pods/Target Support Files/Pods-EldritchHorrorCards/Pods-EldritchHorrorCards.release.xcconfig"; sourceTree = "<group>"; };
		9FDEF5729FBE4F69CDD80823 /* Pods_EldritchHorrorCards.framework */ = {isa = PBXFileReference; explicitFileType = wrapper.framework; includeInIndex = 0; path = Pods_EldritchHorrorCards.framework; sourceTree = BUILT_PRODUCTS_DIR; };
		A4B8158C20D0158000FC5651 /* EldritchHorrorCards-Bridging-Header.h */ = {isa = PBXFileReference; lastKnownFileType = sourcecode.c.h; path = "EldritchHorrorCards-Bridging-Header.h"; sourceTree = "<group>"; };
		A4FE4CD520D01418003A33D3 /* GoogleService-Info.plist */ = {isa = PBXFileReference; fileEncoding = 4; lastKnownFileType = text.plist.xml; path = "GoogleService-Info.plist"; sourceTree = "<group>"; };
		A4FE641C20D0111D0064E52E /* EldritchHorrorCards.app */ = {isa = PBXFileReference; explicitFileType = wrapper.application; includeInIndex = 0; path = EldritchHorrorCards.app; sourceTree = BUILT_PRODUCTS_DIR; };
		A4FE641F20D0111D0064E52E /* AppDelegate.swift */ = {isa = PBXFileReference; lastKnownFileType = sourcecode.swift; path = AppDelegate.swift; sourceTree = "<group>"; };
		A4FE642420D0111D0064E52E /* Base */ = {isa = PBXFileReference; lastKnownFileType = file.storyboard; name = Base; path = Base.lproj/Main.storyboard; sourceTree = "<group>"; };
		A4FE642620D0111E0064E52E /* Assets.xcassets */ = {isa = PBXFileReference; lastKnownFileType = folder.assetcatalog; path = Assets.xcassets; sourceTree = "<group>"; };
		A4FE642920D0111E0064E52E /* Base */ = {isa = PBXFileReference; lastKnownFileType = file.storyboard; name = Base; path = Base.lproj/LaunchScreen.storyboard; sourceTree = "<group>"; };
		A4FE642B20D0111E0064E52E /* Info.plist */ = {isa = PBXFileReference; lastKnownFileType = text.plist.xml; path = Info.plist; sourceTree = "<group>"; };
		EB3EBC1E2EFE0F05C2604715 /* Pods-EldritchHorrorCards.debug.xcconfig */ = {isa = PBXFileReference; includeInIndex = 1; lastKnownFileType = text.xcconfig; name = "Pods-EldritchHorrorCards.debug.xcconfig"; path = "Pods/Target Support Files/Pods-EldritchHorrorCards/Pods-EldritchHorrorCards.debug.xcconfig"; sourceTree = "<group>"; };
/* End PBXFileReference section */

/* Begin PBXFrameworksBuildPhase section */
		A4FE641920D0111D0064E52E /* Frameworks */ = {
			isa = PBXFrameworksBuildPhase;
			buildActionMask = 2147483647;
			files = (
				442A1F7A1B830447984C57D9 /* Pods_EldritchHorrorCards.framework in Frameworks */,
			);
			runOnlyForDeploymentPostprocessing = 0;
		};
/* End PBXFrameworksBuildPhase section */

/* Begin PBXGroup section */
		6AA1357CCA43B3C8CE5442BA /* Frameworks */ = {
			isa = PBXGroup;
			children = (
				9FDEF5729FBE4F69CDD80823 /* Pods_EldritchHorrorCards.framework */,
			);
			name = Frameworks;
			sourceTree = "<group>";
		};
		A4FE4CD820D01423003A33D3 /* App */ = {
			isa = PBXGroup;
			children = (
				A4FE4CD520D01418003A33D3 /* GoogleService-Info.plist */,
				A4FE641F20D0111D0064E52E /* AppDelegate.swift */,
				A4B8158C20D0158000FC5651 /* EldritchHorrorCards-Bridging-Header.h */,
				A4FE642820D0111E0064E52E /* LaunchScreen.storyboard */,
				A4FE642B20D0111E0064E52E /* Info.plist */,
			);
			name = App;
			sourceTree = "<group>";
		};
		A4FE4CD920D01448003A33D3 /* Resources */ = {
			isa = PBXGroup;
			children = (
				A4FE642620D0111E0064E52E /* Assets.xcassets */,
				A4FE642320D0111D0064E52E /* Main.storyboard */,
			);
			name = Resources;
			sourceTree = "<group>";
		};
		A4FE4CDA20D01455003A33D3 /* Core */ = {
			isa = PBXGroup;
			children = (
			);
			name = Core;
			sourceTree = "<group>";
		};
		A4FE4CDB20D0151E003A33D3 /* UI */ = {
			isa = PBXGroup;
			children = (
			);
			name = UI;
			sourceTree = "<group>";
		};
		A4FE641320D0111D0064E52E = {
			isa = PBXGroup;
			children = (
				A4FE641E20D0111D0064E52E /* EldritchHorrorCards */,
				A4FE641D20D0111D0064E52E /* Products */,
				AE039ACCF4B6DB9E9F82170F /* Pods */,
				6AA1357CCA43B3C8CE5442BA /* Frameworks */,
			);
			sourceTree = "<group>";
		};
		A4FE641D20D0111D0064E52E /* Products */ = {
			isa = PBXGroup;
			children = (
				A4FE641C20D0111D0064E52E /* EldritchHorrorCards.app */,
			);
			name = Products;
			sourceTree = "<group>";
		};
		A4FE641E20D0111D0064E52E /* EldritchHorrorCards */ = {
			isa = PBXGroup;
			children = (
				A4FE4CD820D01423003A33D3 /* App */,
				A4FE4CDA20D01455003A33D3 /* Core */,
				A4FE4CD920D01448003A33D3 /* Resources */,
				A4FE4CDB20D0151E003A33D3 /* UI */,
			);
			path = EldritchHorrorCards;
			sourceTree = "<group>";
		};
		AE039ACCF4B6DB9E9F82170F /* Pods */ = {
			isa = PBXGroup;
			children = (
				EB3EBC1E2EFE0F05C2604715 /* Pods-EldritchHorrorCards.debug.xcconfig */,
				7E173171A603D8BE45B3DF16 /* Pods-EldritchHorrorCards.release.xcconfig */,
			);
			name = Pods;
			sourceTree = "<group>";
		};
/* End PBXGroup section */

/* Begin PBXNativeTarget section */
		A4FE641B20D0111D0064E52E /* EldritchHorrorCards */ = {
			isa = PBXNativeTarget;
			buildConfigurationList = A4FE642E20D0111E0064E52E /* Build configuration list for PBXNativeTarget "EldritchHorrorCards" */;
			buildPhases = (
				3D0809C6E9947392F9159AC7 /* [CP] Check Pods Manifest.lock */,
				A4FE641820D0111D0064E52E /* Sources */,
				A4FE641920D0111D0064E52E /* Frameworks */,
				A4FE641A20D0111D0064E52E /* Resources */,
				B573D4556A3F09C870AD7337 /* [CP] Embed Pods Frameworks */,
				A4B8158D20D0179F00FC5651 /* Fabric */,
			);
			buildRules = (
			);
			dependencies = (
			);
			name = EldritchHorrorCards;
			productName = EldritchHorrorCards;
			productReference = A4FE641C20D0111D0064E52E /* EldritchHorrorCards.app */;
			productType = "com.apple.product-type.application";
		};
/* End PBXNativeTarget section */

/* Begin PBXProject section */
		A4FE641420D0111D0064E52E /* Project object */ = {
			isa = PBXProject;
			attributes = {
				LastSwiftUpdateCheck = 0940;
				LastUpgradeCheck = 0940;
				ORGANIZATIONNAME = "Andrey Torlopov";
				TargetAttributes = {
					A4FE641B20D0111D0064E52E = {
						CreatedOnToolsVersion = 9.4;
					};
				};
			};
			buildConfigurationList = A4FE641720D0111D0064E52E /* Build configuration list for PBXProject "EldritchHorrorCards" */;
			compatibilityVersion = "Xcode 9.3";
			developmentRegion = en;
			hasScannedForEncodings = 0;
			knownRegions = (
				en,
				Base,
			);
			mainGroup = A4FE641320D0111D0064E52E;
			productRefGroup = A4FE641D20D0111D0064E52E /* Products */;
			projectDirPath = "";
			projectRoot = "";
			targets = (
				A4FE641B20D0111D0064E52E /* EldritchHorrorCards */,
			);
		};
/* End PBXProject section */

/* Begin PBXResourcesBuildPhase section */
		A4FE641A20D0111D0064E52E /* Resources */ = {
			isa = PBXResourcesBuildPhase;
			buildActionMask = 2147483647;
			files = (
				A4FE642A20D0111E0064E52E /* LaunchScreen.storyboard in Resources */,
				A4FE4CD620D01418003A33D3 /* GoogleService-Info.plist in Resources */,
				A4FE642720D0111E0064E52E /* Assets.xcassets in Resources */,
				A4FE642520D0111D0064E52E /* Main.storyboard in Resources */,
			);
			runOnlyForDeploymentPostprocessing = 0;
		};
/* End PBXResourcesBuildPhase section */

/* Begin PBXShellScriptBuildPhase section */
		3D0809C6E9947392F9159AC7 /* [CP] Check Pods Manifest.lock */ = {
			isa = PBXShellScriptBuildPhase;
			buildActionMask = 2147483647;
			files = (
			);
			inputPaths = (
				"${PODS_PODFILE_DIR_PATH}/Podfile.lock",
				"${PODS_ROOT}/Manifest.lock",
			);
			name = "[CP] Check Pods Manifest.lock";
			outputPaths = (
				"$(DERIVED_FILE_DIR)/Pods-EldritchHorrorCards-checkManifestLockResult.txt",
			);
			runOnlyForDeploymentPostprocessing = 0;
			shellPath = /bin/sh;
			shellScript = "diff \"${PODS_PODFILE_DIR_PATH}/Podfile.lock\" \"${PODS_ROOT}/Manifest.lock\" > /dev/null\nif [ $? != 0 ] ; then\n    # print error to STDERR\n    echo \"error: The sandbox is not in sync with the Podfile.lock. Run 'pod install' or update your CocoaPods installation.\" >&2\n    exit 1\nfi\n# This output is used by Xcode 'outputs' to avoid re-running this script phase.\necho \"SUCCESS\" > \"${SCRIPT_OUTPUT_FILE_0}\"\n";
			showEnvVarsInLog = 0;
		};
		A4B8158D20D0179F00FC5651 /* Fabric */ = {
			isa = PBXShellScriptBuildPhase;
			buildActionMask = 2147483647;
			files = (
			);
			inputPaths = (
			);
			name = Fabric;
			outputPaths = (
			);
			runOnlyForDeploymentPostprocessing = 0;
			shellPath = /bin/sh;
			shellScript = "./Fabric.framework/run f37aa52b9b8788f7a39bd0022cd247b34b166adc 4759004a99bc9dd4d1125c43aa79d92da36635fbb5167260cc88f59a747f20fc";
		};
		B573D4556A3F09C870AD7337 /* [CP] Embed Pods Frameworks */ = {
			isa = PBXShellScriptBuildPhase;
			buildActionMask = 2147483647;
			files = (
			);
			inputPaths = (
				"${SRCROOT}/Pods/Target Support Files/Pods-EldritchHorrorCards/Pods-EldritchHorrorCards-frameworks.sh",
				"${BUILT_PRODUCTS_DIR}/GoogleToolboxForMac/GoogleToolboxForMac.framework",
				"${BUILT_PRODUCTS_DIR}/IQKeyboardManagerSwift/IQKeyboardManagerSwift.framework",
				"${BUILT_PRODUCTS_DIR}/Realm/Realm.framework",
				"${BUILT_PRODUCTS_DIR}/RealmSwift/RealmSwift.framework",
				"${BUILT_PRODUCTS_DIR}/nanopb/nanopb.framework",
			);
			name = "[CP] Embed Pods Frameworks";
			outputPaths = (
				"${TARGET_BUILD_DIR}/${FRAMEWORKS_FOLDER_PATH}/GoogleToolboxForMac.framework",
				"${TARGET_BUILD_DIR}/${FRAMEWORKS_FOLDER_PATH}/IQKeyboardManagerSwift.framework",
				"${TARGET_BUILD_DIR}/${FRAMEWORKS_FOLDER_PATH}/Realm.framework",
				"${TARGET_BUILD_DIR}/${FRAMEWORKS_FOLDER_PATH}/RealmSwift.framework",
				"${TARGET_BUILD_DIR}/${FRAMEWORKS_FOLDER_PATH}/nanopb.framework",
			);
			runOnlyForDeploymentPostprocessing = 0;
			shellPath = /bin/sh;
			shellScript = "\"${SRCROOT}/Pods/Target Support Files/Pods-EldritchHorrorCards/Pods-EldritchHorrorCards-frameworks.sh\"\n";
			showEnvVarsInLog = 0;
		};
/* End PBXShellScriptBuildPhase section */

/* Begin PBXSourcesBuildPhase section */
		A4FE641820D0111D0064E52E /* Sources */ = {
			isa = PBXSourcesBuildPhase;
			buildActionMask = 2147483647;
			files = (
				A4FE642020D0111D0064E52E /* AppDelegate.swift in Sources */,
			);
			runOnlyForDeploymentPostprocessing = 0;
		};
/* End PBXSourcesBuildPhase section */

/* Begin PBXVariantGroup section */
		A4FE642320D0111D0064E52E /* Main.storyboard */ = {
			isa = PBXVariantGroup;
			children = (
				A4FE642420D0111D0064E52E /* Base */,
			);
			name = Main.storyboard;
			sourceTree = "<group>";
		};
		A4FE642820D0111E0064E52E /* LaunchScreen.storyboard */ = {
			isa = PBXVariantGroup;
			children = (
				A4FE642920D0111E0064E52E /* Base */,
			);
			name = LaunchScreen.storyboard;
			sourceTree = "<group>";
		};
/* End PBXVariantGroup section */

/* Begin XCBuildConfiguration section */
		A4FE642C20D0111E0064E52E /* Debug */ = {
			isa = XCBuildConfiguration;
			buildSettings = {
				ALWAYS_SEARCH_USER_PATHS = NO;
				CLANG_ANALYZER_NONNULL = YES;
				CLANG_ANALYZER_NUMBER_OBJECT_CONVERSION = YES_AGGRESSIVE;
				CLANG_CXX_LANGUAGE_STANDARD = "gnu++14";
				CLANG_CXX_LIBRARY = "libc++";
				CLANG_ENABLE_MODULES = YES;
				CLANG_ENABLE_OBJC_ARC = YES;
				CLANG_ENABLE_OBJC_WEAK = YES;
				CLANG_WARN_BLOCK_CAPTURE_AUTORELEASING = YES;
				CLANG_WARN_BOOL_CONVERSION = YES;
				CLANG_WARN_COMMA = YES;
				CLANG_WARN_CONSTANT_CONVERSION = YES;
				CLANG_WARN_DEPRECATED_OBJC_IMPLEMENTATIONS = YES;
				CLANG_WARN_DIRECT_OBJC_ISA_USAGE = YES_ERROR;
				CLANG_WARN_DOCUMENTATION_COMMENTS = YES;
				CLANG_WARN_EMPTY_BODY = YES;
				CLANG_WARN_ENUM_CONVERSION = YES;
				CLANG_WARN_INFINITE_RECURSION = YES;
				CLANG_WARN_INT_CONVERSION = YES;
				CLANG_WARN_NON_LITERAL_NULL_CONVERSION = YES;
				CLANG_WARN_OBJC_IMPLICIT_RETAIN_SELF = YES;
				CLANG_WARN_OBJC_LITERAL_CONVERSION = YES;
				CLANG_WARN_OBJC_ROOT_CLASS = YES_ERROR;
				CLANG_WARN_RANGE_LOOP_ANALYSIS = YES;
				CLANG_WARN_STRICT_PROTOTYPES = YES;
				CLANG_WARN_SUSPICIOUS_MOVE = YES;
				CLANG_WARN_UNGUARDED_AVAILABILITY = YES_AGGRESSIVE;
				CLANG_WARN_UNREACHABLE_CODE = YES;
				CLANG_WARN__DUPLICATE_METHOD_MATCH = YES;
				CODE_SIGN_IDENTITY = "iPhone Developer";
				COPY_PHASE_STRIP = NO;
				DEBUG_INFORMATION_FORMAT = dwarf;
				ENABLE_STRICT_OBJC_MSGSEND = YES;
				ENABLE_TESTABILITY = YES;
				GCC_C_LANGUAGE_STANDARD = gnu11;
				GCC_DYNAMIC_NO_PIC = NO;
				GCC_NO_COMMON_BLOCKS = YES;
				GCC_OPTIMIZATION_LEVEL = 0;
				GCC_PREPROCESSOR_DEFINITIONS = (
					"DEBUG=1",
					"$(inherited)",
				);
				GCC_WARN_64_TO_32_BIT_CONVERSION = YES;
				GCC_WARN_ABOUT_RETURN_TYPE = YES_ERROR;
				GCC_WARN_UNDECLARED_SELECTOR = YES;
				GCC_WARN_UNINITIALIZED_AUTOS = YES_AGGRESSIVE;
				GCC_WARN_UNUSED_FUNCTION = YES;
				GCC_WARN_UNUSED_VARIABLE = YES;
				IPHONEOS_DEPLOYMENT_TARGET = 11.4;
				MTL_ENABLE_DEBUG_INFO = YES;
				ONLY_ACTIVE_ARCH = YES;
				SDKROOT = iphoneos;
				SWIFT_ACTIVE_COMPILATION_CONDITIONS = DEBUG;
				SWIFT_OPTIMIZATION_LEVEL = "-Onone";
			};
			name = Debug;
		};
		A4FE642D20D0111E0064E52E /* Release */ = {
			isa = XCBuildConfiguration;
			buildSettings = {
				ALWAYS_SEARCH_USER_PATHS = NO;
				CLANG_ANALYZER_NONNULL = YES;
				CLANG_ANALYZER_NUMBER_OBJECT_CONVERSION = YES_AGGRESSIVE;
				CLANG_CXX_LANGUAGE_STANDARD = "gnu++14";
				CLANG_CXX_LIBRARY = "libc++";
				CLANG_ENABLE_MODULES = YES;
				CLANG_ENABLE_OBJC_ARC = YES;
				CLANG_ENABLE_OBJC_WEAK = YES;
				CLANG_WARN_BLOCK_CAPTURE_AUTORELEASING = YES;
				CLANG_WARN_BOOL_CONVERSION = YES;
				CLANG_WARN_COMMA = YES;
				CLANG_WARN_CONSTANT_CONVERSION = YES;
				CLANG_WARN_DEPRECATED_OBJC_IMPLEMENTATIONS = YES;
				CLANG_WARN_DIRECT_OBJC_ISA_USAGE = YES_ERROR;
				CLANG_WARN_DOCUMENTATION_COMMENTS = YES;
				CLANG_WARN_EMPTY_BODY = YES;
				CLANG_WARN_ENUM_CONVERSION = YES;
				CLANG_WARN_INFINITE_RECURSION = YES;
				CLANG_WARN_INT_CONVERSION = YES;
				CLANG_WARN_NON_LITERAL_NULL_CONVERSION = YES;
				CLANG_WARN_OBJC_IMPLICIT_RETAIN_SELF = YES;
				CLANG_WARN_OBJC_LITERAL_CONVERSION = YES;
				CLANG_WARN_OBJC_ROOT_CLASS = YES_ERROR;
				CLANG_WARN_RANGE_LOOP_ANALYSIS = YES;
				CLANG_WARN_STRICT_PROTOTYPES = YES;
				CLANG_WARN_SUSPICIOUS_MOVE = YES;
				CLANG_WARN_UNGUARDED_AVAILABILITY = YES_AGGRESSIVE;
				CLANG_WARN_UNREACHABLE_CODE = YES;
				CLANG_WARN__DUPLICATE_METHOD_MATCH = YES;
				CODE_SIGN_IDENTITY = "iPhone Developer";
				COPY_PHASE_STRIP = NO;
				DEBUG_INFORMATION_FORMAT = "dwarf-with-dsym";
				ENABLE_NS_ASSERTIONS = NO;
				ENABLE_STRICT_OBJC_MSGSEND = YES;
				GCC_C_LANGUAGE_STANDARD = gnu11;
				GCC_NO_COMMON_BLOCKS = YES;
				GCC_WARN_64_TO_32_BIT_CONVERSION = YES;
				GCC_WARN_ABOUT_RETURN_TYPE = YES_ERROR;
				GCC_WARN_UNDECLARED_SELECTOR = YES;
				GCC_WARN_UNINITIALIZED_AUTOS = YES_AGGRESSIVE;
				GCC_WARN_UNUSED_FUNCTION = YES;
				GCC_WARN_UNUSED_VARIABLE = YES;
				IPHONEOS_DEPLOYMENT_TARGET = 11.4;
				MTL_ENABLE_DEBUG_INFO = NO;
				SDKROOT = iphoneos;
				SWIFT_COMPILATION_MODE = wholemodule;
				SWIFT_OPTIMIZATION_LEVEL = "-O";
				VALIDATE_PRODUCT = YES;
			};
			name = Release;
		};
		A4FE642F20D0111E0064E52E /* Debug */ = {
			isa = XCBuildConfiguration;
			baseConfigurationReference = EB3EBC1E2EFE0F05C2604715 /* Pods-EldritchHorrorCards.debug.xcconfig */;
			buildSettings = {
				ASSETCATALOG_COMPILER_APPICON_NAME = AppIcon;
				CODE_SIGN_STYLE = Automatic;
				INFOPLIST_FILE = EldritchHorrorCards/Info.plist;
				LD_RUNPATH_SEARCH_PATHS = (
					"$(inherited)",
					"@executable_path/Frameworks",
				);
				PRODUCT_BUNDLE_IDENTIFIER = none.EldritchHorror;
				PRODUCT_NAME = "$(TARGET_NAME)";
				SWIFT_OBJC_BRIDGING_HEADER = "EldritchHorrorCards/EldritchHorrorCards-Bridging-Header.h";
				SWIFT_VERSION = 4.0;
				TARGETED_DEVICE_FAMILY = 1;
			};
			name = Debug;
		};
		A4FE643020D0111E0064E52E /* Release */ = {
			isa = XCBuildConfiguration;
			baseConfigurationReference = 7E173171A603D8BE45B3DF16 /* Pods-EldritchHorrorCards.release.xcconfig */;
			buildSettings = {
				ASSETCATALOG_COMPILER_APPICON_NAME = AppIcon;
				CODE_SIGN_STYLE = Automatic;
				INFOPLIST_FILE = EldritchHorrorCards/Info.plist;
				LD_RUNPATH_SEARCH_PATHS = (
					"$(inherited)",
					"@executable_path/Frameworks",
				);
				PRODUCT_BUNDLE_IDENTIFIER = none.EldritchHorror;
				PRODUCT_NAME = "$(TARGET_NAME)";
				SWIFT_OBJC_BRIDGING_HEADER = "EldritchHorrorCards/EldritchHorrorCards-Bridging-Header.h";
				SWIFT_VERSION = 4.0;
				TARGETED_DEVICE_FAMILY = 1;
			};
			name = Release;
		};
/* End XCBuildConfiguration section */

/* Begin XCConfigurationList section */
		A4FE641720D0111D0064E52E /* Build configuration list for PBXProject "EldritchHorrorCards" */ = {
			isa = XCConfigurationList;
			buildConfigurations = (
				A4FE642C20D0111E0064E52E /* Debug */,
				A4FE642D20D0111E0064E52E /* Release */,
			);
			defaultConfigurationIsVisible = 0;
			defaultConfigurationName = Release;
		};
		A4FE642E20D0111E0064E52E /* Build configuration list for PBXNativeTarget "EldritchHorrorCards" */ = {
			isa = XCConfigurationList;
			buildConfigurations = (
				A4FE642F20D0111E0064E52E /* Debug */,
				A4FE643020D0111E0064E52E /* Release */,
			);
			defaultConfigurationIsVisible = 0;
			defaultConfigurationName = Release;
		};
/* End XCConfigurationList section */
	};
	rootObject = A4FE641420D0111D0064E52E /* Project object */;
}
